
Microsoft Visual Studio Solution File, Format Version 12.00
# Visual Studio 2012
Project("{FAE04EC0-301F-11D3-BF4B-00C04F79EFBC}") = "SmarterCoffee", "SmarterCoffee\SmarterCoffee.csproj", "{698B3778-7E68-4283-A694-C9CFC3466572}"
EndProject
Project("{FAE04EC0-301F-11D3-BF4B-00C04F79EFBC}") = "coffee", "coffee\coffee.csproj", "{DD56DD4A-65A1-4554-9B22-7C5602E244BB}"
EndProject
Global
	GlobalSection(SolutionConfigurationPlatforms) = preSolution
		Debug|Any CPU = Debug|Any CPU
		Release|Any CPU = Release|Any CPU
	EndGlobalSection
	GlobalSection(ProjectConfigurationPlatforms) = postSolution
		{698B3778-7E68-4283-A694-C9CFC3466572}.Debug|Any CPU.ActiveCfg = Debug|Any CPU
		{698B3778-7E68-4283-A694-C9CFC3466572}.Debug|Any CPU.Build.0 = Debug|Any CPU
		{698B3778-7E68-4283-A694-C9CFC3466572}.Release|Any CPU.ActiveCfg = Release|Any CPU
		{698B3778-7E68-4283-A694-C9CFC3466572}.Release|Any CPU.Build.0 = Release|Any CPU
		{DD56DD4A-65A1-4554-9B22-7C5602E244BB}.Debug|Any CPU.ActiveCfg = Debug|Any CPU
		{DD56DD4A-65A1-4554-9B22-7C5602E244BB}.Debug|Any CPU.Build.0 = Debug|Any CPU
		{DD56DD4A-65A1-4554-9B22-7C5602E244BB}.Release|Any CPU.ActiveCfg = Release|Any CPU
		{DD56DD4A-65A1-4554-9B22-7C5602E244BB}.Release|Any CPU.Build.0 = Release|Any CPU
	EndGlobalSection
EndGlobal
